
Microsoft Visual Studio Solution File, Format Version 12.00
# Visual Studio 15
VisualStudioVersion = 15.0.27130.2027
MinimumVisualStudioVersion = 10.0.40219.1
Project("{2150E333-8FDC-42A3-9474-1A3956D46DE8}") = "src", "src", "{9ECAF633-B229-46F6-B056-85FDB640349F}"
EndProject
Project("{2150E333-8FDC-42A3-9474-1A3956D46DE8}") = "test", "test", "{43E7BB2B-36A0-41E9-BCCE-889600644847}"
EndProject
Project("{9A19103F-16F7-4668-BE54-9A1E7A4F7556}") = "Myrmec", "src\Myrmec\Myrmec.csproj", "{53DB1DA4-CAAD-4BD6-AECD-1BCB55006B13}"
EndProject
Project("{9A19103F-16F7-4668-BE54-9A1E7A4F7556}") = "Myrmec.Test", "test\Myrmec.Test\Myrmec.Test.csproj", "{A1D7C307-9E80-4DE6-8393-BF9A362C91BB}"
EndProject
Project("{FAE04EC0-301F-11D3-BF4B-00C04F79EFBC}") = "Myrmec.Mime", "src\Myrmec.Mime\Myrmec.Mime.csproj", "{16A485B7-C34D-4405-90F7-EC9021BDC299}"
EndProject
Project("{FAE04EC0-301F-11D3-BF4B-00C04F79EFBC}") = "Myrmec.Mime.Test", "test\Myrmec.Mime.Test\Myrmec.Mime.Test.csproj", "{813F86E5-EFC0-42B8-93E9-B88DB6C5846D}"
EndProject
Global
	GlobalSection(SolutionConfigurationPlatforms) = preSolution
		Debug|Any CPU = Debug|Any CPU
		Release|Any CPU = Release|Any CPU
	EndGlobalSection
	GlobalSection(ProjectConfigurationPlatforms) = postSolution
		{53DB1DA4-CAAD-4BD6-AECD-1BCB55006B13}.Debug|Any CPU.ActiveCfg = Debug|Any CPU
		{53DB1DA4-CAAD-4BD6-AECD-1BCB55006B13}.Debug|Any CPU.Build.0 = Debug|Any CPU
		{53DB1DA4-CAAD-4BD6-AECD-1BCB55006B13}.Release|Any CPU.ActiveCfg = Release|Any CPU
		{53DB1DA4-CAAD-4BD6-AECD-1BCB55006B13}.Release|Any CPU.Build.0 = Release|Any CPU
		{A1D7C307-9E80-4DE6-8393-BF9A362C91BB}.Debug|Any CPU.ActiveCfg = Debug|Any CPU
		{A1D7C307-9E80-4DE6-8393-BF9A362C91BB}.Debug|Any CPU.Build.0 = Debug|Any CPU
		{A1D7C307-9E80-4DE6-8393-BF9A362C91BB}.Release|Any CPU.ActiveCfg = Release|Any CPU
		{A1D7C307-9E80-4DE6-8393-BF9A362C91BB}.Release|Any CPU.Build.0 = Release|Any CPU
		{16A485B7-C34D-4405-90F7-EC9021BDC299}.Debug|Any CPU.ActiveCfg = Debug|Any CPU
		{16A485B7-C34D-4405-90F7-EC9021BDC299}.Debug|Any CPU.Build.0 = Debug|Any CPU
		{16A485B7-C34D-4405-90F7-EC9021BDC299}.Release|Any CPU.ActiveCfg = Release|Any CPU
		{16A485B7-C34D-4405-90F7-EC9021BDC299}.Release|Any CPU.Build.0 = Release|Any CPU
		{813F86E5-EFC0-42B8-93E9-B88DB6C5846D}.Debug|Any CPU.ActiveCfg = Debug|Any CPU
		{813F86E5-EFC0-42B8-93E9-B88DB6C5846D}.Debug|Any CPU.Build.0 = Debug|Any CPU
		{813F86E5-EFC0-42B8-93E9-B88DB6C5846D}.Release|Any CPU.ActiveCfg = Release|Any CPU
		{813F86E5-EFC0-42B8-93E9-B88DB6C5846D}.Release|Any CPU.Build.0 = Release|Any CPU
	EndGlobalSection
	GlobalSection(SolutionProperties) = preSolution
		HideSolutionNode = FALSE
	EndGlobalSection
	GlobalSection(NestedProjects) = preSolution
		{53DB1DA4-CAAD-4BD6-AECD-1BCB55006B13} = {9ECAF633-B229-46F6-B056-85FDB640349F}
		{A1D7C307-9E80-4DE6-8393-BF9A362C91BB} = {43E7BB2B-36A0-41E9-BCCE-889600644847}
		{16A485B7-C34D-4405-90F7-EC9021BDC299} = {9ECAF633-B229-46F6-B056-85FDB640349F}
		{813F86E5-EFC0-42B8-93E9-B88DB6C5846D} = {43E7BB2B-36A0-41E9-BCCE-889600644847}
	EndGlobalSection
	GlobalSection(ExtensibilityGlobals) = postSolution
		SolutionGuid = {09461581-F239-420B-99F8-294E202B3E45}
	EndGlobalSection
EndGlobal
